
Microsoft Visual Studio Solution File, Format Version 12.00
# Visual Studio Version 17
VisualStudioVersion = 17.7.34003.232
MinimumVisualStudioVersion = 10.0.40219.1
Project("{FAE04EC0-301F-11D3-BF4B-00C04F79EFBC}") = "TravelRecordApp.Android", "TravelRecordApp\TravelRecordApp.Android\TravelRecordApp.Android.csproj", "{DF75BEA8-6B1D-4FBB-BB45-709FE64FC486}"
EndProject
Project("{FAE04EC0-301F-11D3-BF4B-00C04F79EFBC}") = "TravelRecordApp.iOS", "TravelRecordApp\TravelRecordApp.iOS\TravelRecordApp.iOS.csproj", "{3E803607-86D4-47D2-AA11-661984BA133C}"
EndProject
Project("{FAE04EC0-301F-11D3-BF4B-00C04F79EFBC}") = "TravelRecordApp", "TravelRecordApp\TravelRecordApp\TravelRecordApp.csproj", "{0DA60A0E-142C-4597-B7E2-8AAE0B893438}"
EndProject
Global
	GlobalSection(SolutionConfigurationPlatforms) = preSolution
		Debug|Any CPU = Debug|Any CPU
		Debug|iPhone = Debug|iPhone
		Debug|iPhoneSimulator = Debug|iPhoneSimulator
		Release|Any CPU = Release|Any CPU
		Release|iPhone = Release|iPhone
		Release|iPhoneSimulator = Release|iPhoneSimulator
	EndGlobalSection
	GlobalSection(ProjectConfigurationPlatforms) = postSolution
		{DF75BEA8-6B1D-4FBB-BB45-709FE64FC486}.Debug|Any CPU.ActiveCfg = Debug|Any CPU
		{DF75BEA8-6B1D-4FBB-BB45-709FE64FC486}.Debug|Any CPU.Build.0 = Debug|Any CPU
		{DF75BEA8-6B1D-4FBB-BB45-709FE64FC486}.Debug|Any CPU.Deploy.0 = Debug|Any CPU
		{DF75BEA8-6B1D-4FBB-BB45-709FE64FC486}.Debug|iPhone.ActiveCfg = Debug|Any CPU
		{DF75BEA8-6B1D-4FBB-BB45-709FE64FC486}.Debug|iPhone.Build.0 = Debug|Any CPU
		{DF75BEA8-6B1D-4FBB-BB45-709FE64FC486}.Debug|iPhone.Deploy.0 = Debug|Any CPU
		{DF75BEA8-6B1D-4FBB-BB45-709FE64FC486}.Debug|iPhoneSimulator.ActiveCfg = Debug|Any CPU
		{DF75BEA8-6B1D-4FBB-BB45-709FE64FC486}.Debug|iPhoneSimulator.Build.0 = Debug|Any CPU
		{DF75BEA8-6B1D-4FBB-BB45-709FE64FC486}.Debug|iPhoneSimulator.Deploy.0 = Debug|Any CPU
		{DF75BEA8-6B1D-4FBB-BB45-709FE64FC486}.Release|Any CPU.ActiveCfg = Release|Any CPU
		{DF75BEA8-6B1D-4FBB-BB45-709FE64FC486}.Release|Any CPU.Build.0 = Release|Any CPU
		{DF75BEA8-6B1D-4FBB-BB45-709FE64FC486}.Release|Any CPU.Deploy.0 = Release|Any CPU
		{DF75BEA8-6B1D-4FBB-BB45-709FE64FC486}.Release|iPhone.ActiveCfg = Release|Any CPU
		{DF75BEA8-6B1D-4FBB-BB45-709FE64FC486}.Release|iPhone.Build.0 = Release|Any CPU
		{DF75BEA8-6B1D-4FBB-BB45-709FE64FC486}.Release|iPhone.Deploy.0 = Release|Any CPU
		{DF75BEA8-6B1D-4FBB-BB45-709FE64FC486}.Release|iPhoneSimulator.ActiveCfg = Release|Any CPU
		{DF75BEA8-6B1D-4FBB-BB45-709FE64FC486}.Release|iPhoneSimulator.Build.0 = Release|Any CPU
		{DF75BEA8-6B1D-4FBB-BB45-709FE64FC486}.Release|iPhoneSimulator.Deploy.0 = Release|Any CPU
		{3E803607-86D4-47D2-AA11-661984BA133C}.Debug|Any CPU.ActiveCfg = Debug|iPhone
		{3E803607-86D4-47D2-AA11-661984BA133C}.Debug|Any CPU.Build.0 = Debug|iPhone
		{3E803607-86D4-47D2-AA11-661984BA133C}.Debug|Any CPU.Deploy.0 = Debug|iPhone
		{3E803607-86D4-47D2-AA11-661984BA133C}.Debug|iPhone.ActiveCfg = Debug|iPhone
		{3E803607-86D4-47D2-AA11-661984BA133C}.Debug|iPhone.Build.0 = Debug|iPhone
		{3E803607-86D4-47D2-AA11-661984BA133C}.Debug|iPhone.Deploy.0 = Debug|iPhone
		{3E803607-86D4-47D2-AA11-661984BA133C}.Debug|iPhoneSimulator.ActiveCfg = Debug|iPhoneSimulator
		{3E803607-86D4-47D2-AA11-661984BA133C}.Debug|iPhoneSimulator.Build.0 = Debug|iPhoneSimulator
		{3E803607-86D4-47D2-AA11-661984BA133C}.Debug|iPhoneSimulator.Deploy.0 = Debug|iPhoneSimulator
		{3E803607-86D4-47D2-AA11-661984BA133C}.Release|Any CPU.ActiveCfg = Release|iPhoneSimulator
		{3E803607-86D4-47D2-AA11-661984BA133C}.Release|Any CPU.Build.0 = Release|iPhoneSimulator
		{3E803607-86D4-47D2-AA11-661984BA133C}.Release|Any CPU.Deploy.0 = Release|iPhoneSimulator
		{3E803607-86D4-47D2-AA11-661984BA133C}.Release|iPhone.ActiveCfg = Release|iPhone
		{3E803607-86D4-47D2-AA11-661984BA133C}.Release|iPhone.Build.0 = Release|iPhone
		{3E803607-86D4-47D2-AA11-661984BA133C}.Release|iPhone.Deploy.0 = Release|iPhone
		{3E803607-86D4-47D2-AA11-661984BA133C}.Release|iPhoneSimulator.ActiveCfg = Release|iPhoneSimulator
		{3E803607-86D4-47D2-AA11-661984BA133C}.Release|iPhoneSimulator.Build.0 = Release|iPhoneSimulator
		{3E803607-86D4-47D2-AA11-661984BA133C}.Release|iPhoneSimulator.Deploy.0 = Release|iPhoneSimulator
		{0DA60A0E-142C-4597-B7E2-8AAE0B893438}.Debug|Any CPU.ActiveCfg = Debug|Any CPU
		{0DA60A0E-142C-4597-B7E2-8AAE0B893438}.Debug|Any CPU.Build.0 = Debug|Any CPU
		{0DA60A0E-142C-4597-B7E2-8AAE0B893438}.Debug|Any CPU.Deploy.0 = Debug|Any CPU
		{0DA60A0E-142C-4597-B7E2-8AAE0B893438}.Debug|iPhone.ActiveCfg = Debug|Any CPU
		{0DA60A0E-142C-4597-B7E2-8AAE0B893438}.Debug|iPhone.Build.0 = Debug|Any CPU
		{0DA60A0E-142C-4597-B7E2-8AAE0B893438}.Debug|iPhone.Deploy.0 = Debug|Any CPU
		{0DA60A0E-142C-4597-B7E2-8AAE0B893438}.Debug|iPhoneSimulator.ActiveCfg = Debug|Any CPU
		{0DA60A0E-142C-4597-B7E2-8AAE0B893438}.Debug|iPhoneSimulator.Build.0 = Debug|Any CPU
		{0DA60A0E-142C-4597-B7E2-8AAE0B893438}.Debug|iPhoneSimulator.Deploy.0 = Debug|Any CPU
		{0DA60A0E-142C-4597-B7E2-8AAE0B893438}.Release|Any CPU.ActiveCfg = Release|Any CPU
		{0DA60A0E-142C-4597-B7E2-8AAE0B893438}.Release|Any CPU.Build.0 = Release|Any CPU
		{0DA60A0E-142C-4597-B7E2-8AAE0B893438}.Release|Any CPU.Deploy.0 = Release|Any CPU
		{0DA60A0E-142C-4597-B7E2-8AAE0B893438}.Release|iPhone.ActiveCfg = Release|Any CPU
		{0DA60A0E-142C-4597-B7E2-8AAE0B893438}.Release|iPhone.Build.0 = Release|Any CPU
		{0DA60A0E-142C-4597-B7E2-8AAE0B893438}.Release|iPhone.Deploy.0 = Release|Any CPU
		{0DA60A0E-142C-4597-B7E2-8AAE0B893438}.Release|iPhoneSimulator.ActiveCfg = Release|Any CPU
		{0DA60A0E-142C-4597-B7E2-8AAE0B893438}.Release|iPhoneSimulator.Build.0 = Release|Any CPU
		{0DA60A0E-142C-4597-B7E2-8AAE0B893438}.Release|iPhoneSimulator.Deploy.0 = Release|Any CPU
	EndGlobalSection
	GlobalSection(SolutionProperties) = preSolution
		HideSolutionNode = FALSE
	EndGlobalSection
	GlobalSection(ExtensibilityGlobals) = postSolution
		SolutionGuid = {95CC37A3-D676-40FE-BF57-B84173946BB8}
	EndGlobalSection
EndGlobal
